
Microsoft Visual Studio Solution File, Format Version 12.00
# Visual Studio Version 17
VisualStudioVersion = 17.2.32630.192
MinimumVisualStudioVersion = 10.0.40219.1
Project("{FAE04EC0-301F-11D3-BF4B-00C04F79EFBC}") = "RegistroTickets", "RegistroTickets\RegistroTickets.csproj", "{B8B645F5-BA87-4996-B784-14D8E7024D4A}"
EndProject
Global
	GlobalSection(SolutionConfigurationPlatforms) = preSolution
		Debug|Any CPU = Debug|Any CPU
		Release|Any CPU = Release|Any CPU
	EndGlobalSection
	GlobalSection(ProjectConfigurationPlatforms) = postSolution
		{B8B645F5-BA87-4996-B784-14D8E7024D4A}.Debug|Any CPU.ActiveCfg = Debug|Any CPU
		{B8B645F5-BA87-4996-B784-14D8E7024D4A}.Debug|Any CPU.Build.0 = Debug|Any CPU
		{B8B645F5-BA87-4996-B784-14D8E7024D4A}.Release|Any CPU.ActiveCfg = Release|Any CPU
		{B8B645F5-BA87-4996-B784-14D8E7024D4A}.Release|Any CPU.Build.0 = Release|Any CPU
	EndGlobalSection
	GlobalSection(SolutionProperties) = preSolution
		HideSolutionNode = FALSE
	EndGlobalSection
	GlobalSection(ExtensibilityGlobals) = postSolution
		SolutionGuid = {55B8BD7E-E0F9-48B9-9D36-5A5B8AF2CAA6}
	EndGlobalSection
EndGlobal
